Microsoft Visual Studio Solution File, Format Version 12.00
# Visual Studio Version 17
VisualStudioVersion = 17.0.0.0
MinimumVisualStudioVersion = 17.0.0.0
Project("{9A19103F-16F7-4668-BE54-9A1E7A4F7556}") = "MyVideoResume.Server", "Server\MyVideoResume.Server.csproj", "{98666C88-9201-476C-8C7A-FCA409858315}"
EndProject
Project("{9A19103F-16F7-4668-BE54-9A1E7A4F7556}") = "MyVideoResume.Client", "Client\MyVideoResume.Client.csproj", "{452D620A-8D93-4AC2-A6D5-A27928792913}"
EndProject
Project("{2150E333-8FDC-42A3-9474-1A3956D46DE8}") = "Solution Items", "Solution Items", "{2C04F95D-245F-4980-89DA-E1EBB19BB3FF}"
	ProjectSection(SolutionItems) = preProject
		.gitignore = .gitignore
		.jira\config.yml = .jira\config.yml
		.github\workflows\dotnet.yml = .github\workflows\dotnet.yml
		LICENSE = LICENSE
		README.md = README.md
	EndProjectSection
EndProject
Project("{FAE04EC0-301F-11D3-BF4B-00C04F79EFBC}") = "MyVideoResume.ML.SentimentAnalysis", "MyVideoResume.ML.SentimentAnalysis\MyVideoResume.ML.SentimentAnalysis.csproj", "{CB4DBDFE-F708-4C30-B86B-23CA072678CF}"
EndProject
Project("{2150E333-8FDC-42A3-9474-1A3956D46DE8}") = "ML-AI", "ML-AI", "{D88FA3F1-D0EF-4DF8-9AB6-83487F87931D}"
EndProject
Project("{FAE04EC0-301F-11D3-BF4B-00C04F79EFBC}") = "MyVideoResume.Data", "MyVideoResume.Data\MyVideoResume.Data.csproj", "{25EC4A39-DFB0-472C-83E3-1F7F705CFDAB}"
EndProject
Project("{2150E333-8FDC-42A3-9474-1A3956D46DE8}") = "Libs", "Libs", "{CE9FC5A1-34C1-42DC-9523-0895D4CCA068}"
EndProject
Project("{FAE04EC0-301F-11D3-BF4B-00C04F79EFBC}") = "MyVideoResume.ResumeAbstractions", "MyVideoResume.ResumeAbstractions\MyVideoResume.ResumeAbstractions.csproj", "{CD619972-A420-4CD1-A5D8-6B69C1A438B1}"
EndProject
Global
	GlobalSection(SolutionConfigurationPlatforms) = preSolution
		Debug|Any CPU = Debug|Any CPU
		Release|Any CPU = Release|Any CPU
	EndGlobalSection
	GlobalSection(ProjectConfigurationPlatforms) = postSolution
		{98666C88-9201-476C-8C7A-FCA409858315}.Debug|Any CPU.ActiveCfg = Debug|Any CPU
		{98666C88-9201-476C-8C7A-FCA409858315}.Debug|Any CPU.Build.0 = Debug|Any CPU
		{98666C88-9201-476C-8C7A-FCA409858315}.Release|Any CPU.ActiveCfg = Release|Any CPU
		{98666C88-9201-476C-8C7A-FCA409858315}.Release|Any CPU.Build.0 = Release|Any CPU
		{452D620A-8D93-4AC2-A6D5-A27928792913}.Debug|Any CPU.ActiveCfg = Debug|Any CPU
		{452D620A-8D93-4AC2-A6D5-A27928792913}.Debug|Any CPU.Build.0 = Debug|Any CPU
		{452D620A-8D93-4AC2-A6D5-A27928792913}.Release|Any CPU.ActiveCfg = Release|Any CPU
		{452D620A-8D93-4AC2-A6D5-A27928792913}.Release|Any CPU.Build.0 = Release|Any CPU
		{CB4DBDFE-F708-4C30-B86B-23CA072678CF}.Debug|Any CPU.ActiveCfg = Debug|Any CPU
		{CB4DBDFE-F708-4C30-B86B-23CA072678CF}.Debug|Any CPU.Build.0 = Debug|Any CPU
		{CB4DBDFE-F708-4C30-B86B-23CA072678CF}.Release|Any CPU.ActiveCfg = Release|Any CPU
		{CB4DBDFE-F708-4C30-B86B-23CA072678CF}.Release|Any CPU.Build.0 = Release|Any CPU
		{25EC4A39-DFB0-472C-83E3-1F7F705CFDAB}.Debug|Any CPU.ActiveCfg = Debug|Any CPU
		{25EC4A39-DFB0-472C-83E3-1F7F705CFDAB}.Debug|Any CPU.Build.0 = Debug|Any CPU
		{25EC4A39-DFB0-472C-83E3-1F7F705CFDAB}.Release|Any CPU.ActiveCfg = Release|Any CPU
		{25EC4A39-DFB0-472C-83E3-1F7F705CFDAB}.Release|Any CPU.Build.0 = Release|Any CPU
		{CD619972-A420-4CD1-A5D8-6B69C1A438B1}.Debug|Any CPU.ActiveCfg = Debug|Any CPU
		{CD619972-A420-4CD1-A5D8-6B69C1A438B1}.Debug|Any CPU.Build.0 = Debug|Any CPU
		{CD619972-A420-4CD1-A5D8-6B69C1A438B1}.Release|Any CPU.ActiveCfg = Release|Any CPU
		{CD619972-A420-4CD1-A5D8-6B69C1A438B1}.Release|Any CPU.Build.0 = Release|Any CPU
	EndGlobalSection
	GlobalSection(SolutionProperties) = preSolution
		HideSolutionNode = FALSE
	EndGlobalSection
	GlobalSection(NestedProjects) = preSolution
		{CB4DBDFE-F708-4C30-B86B-23CA072678CF} = {D88FA3F1-D0EF-4DF8-9AB6-83487F87931D}
		{D88FA3F1-D0EF-4DF8-9AB6-83487F87931D} = {CE9FC5A1-34C1-42DC-9523-0895D4CCA068}
		{25EC4A39-DFB0-472C-83E3-1F7F705CFDAB} = {CE9FC5A1-34C1-42DC-9523-0895D4CCA068}
		{CD619972-A420-4CD1-A5D8-6B69C1A438B1} = {CE9FC5A1-34C1-42DC-9523-0895D4CCA068}
	EndGlobalSection
	GlobalSection(ExtensibilityGlobals) = postSolution
		SolutionGuid = {C40737A8-E03A-4EFD-8B5A-8013DA6AB507}
	EndGlobalSection
EndGlobal
